
Microsoft Visual Studio Solution File, Format Version 12.00
# Visual Studio Version 17
VisualStudioVersion = 17.10.34928.147
MinimumVisualStudioVersion = 10.0.40219.1
Project("{9A19103F-16F7-4668-BE54-9A1E7A4F7556}") = "ProcrastiPlate.API", "ProcrastiPlate.API\ProcrastiPlate.API.csproj", "{F0697C53-15DB-4408-A6B3-24CF15E4157D}"
	ProjectSection(ProjectDependencies) = postProject
		{57E85EC4-5004-4D5C-99C1-70A52ACA576D} = {57E85EC4-5004-4D5C-99C1-70A52ACA576D}
	EndProjectSection
EndProject
Project("{2150E333-8FDC-42A3-9474-1A3956D46DE8}") = "Solution Items", "Solution Items", "{580DC9C0-AB08-4FBC-B464-F65501CBABD7}"
	ProjectSection(SolutionItems) = preProject
		compose.override.yml = compose.override.yml
		compose.yaml = compose.yaml
	EndProjectSection
EndProject
Project("{FAE04EC0-301F-11D3-BF4B-00C04F79EFBC}") = "ProcrastiPlate.Core", "ProcrastiPlate.Core\ProcrastiPlate.Core.csproj", "{CBE7DCD4-E536-48C2-9118-9F529F9F01B6}"
EndProject
Project("{FAE04EC0-301F-11D3-BF4B-00C04F79EFBC}") = "ProcrastiPlate.Infrastructure", "ProcrastiPlate.Infrastructure\ProcrastiPlate.Infrastructure.csproj", "{57E85EC4-5004-4D5C-99C1-70A52ACA576D}"
EndProject
Project("{FAE04EC0-301F-11D3-BF4B-00C04F79EFBC}") = "ProcrastiPlate.Contracts", "ProcrastiPlate.Contracts\ProcrastiPlate.Contracts.csproj", "{E057B46A-907D-4F3D-A723-D178C9758D37}"
EndProject
Project("{2150E333-8FDC-42A3-9474-1A3956D46DE8}") = "tests", "tests", "{52E4E701-3C90-4849-ADB3-D6D937595F3E}"
EndProject
Project("{FAE04EC0-301F-11D3-BF4B-00C04F79EFBC}") = "ProcrastiPlate.API.Tests", "ProcrastiPlate.API.Tests\ProcrastiPlate.API.Tests.csproj", "{0C5BAE75-1BAD-4C38-BEB8-F8021A4E6B5E}"
EndProject
Project("{FAE04EC0-301F-11D3-BF4B-00C04F79EFBC}") = "ProcrastiPlate.Core.Tests", "ProcrastiPlate.Core.Tests\ProcrastiPlate.Core.Tests.csproj", "{E4C7CD64-5D0A-48FA-A91A-165999AD95CB}"
EndProject
Global
	GlobalSection(SolutionConfigurationPlatforms) = preSolution
		Debug|Any CPU = Debug|Any CPU
		Release|Any CPU = Release|Any CPU
	EndGlobalSection
	GlobalSection(ProjectConfigurationPlatforms) = postSolution
		{F0697C53-15DB-4408-A6B3-24CF15E4157D}.Debug|Any CPU.ActiveCfg = Debug|Any CPU
		{F0697C53-15DB-4408-A6B3-24CF15E4157D}.Debug|Any CPU.Build.0 = Debug|Any CPU
		{F0697C53-15DB-4408-A6B3-24CF15E4157D}.Release|Any CPU.ActiveCfg = Release|Any CPU
		{F0697C53-15DB-4408-A6B3-24CF15E4157D}.Release|Any CPU.Build.0 = Release|Any CPU
		{CBE7DCD4-E536-48C2-9118-9F529F9F01B6}.Debug|Any CPU.ActiveCfg = Debug|Any CPU
		{CBE7DCD4-E536-48C2-9118-9F529F9F01B6}.Debug|Any CPU.Build.0 = Debug|Any CPU
		{CBE7DCD4-E536-48C2-9118-9F529F9F01B6}.Release|Any CPU.ActiveCfg = Release|Any CPU
		{CBE7DCD4-E536-48C2-9118-9F529F9F01B6}.Release|Any CPU.Build.0 = Release|Any CPU
		{57E85EC4-5004-4D5C-99C1-70A52ACA576D}.Debug|Any CPU.ActiveCfg = Debug|Any CPU
		{57E85EC4-5004-4D5C-99C1-70A52ACA576D}.Debug|Any CPU.Build.0 = Debug|Any CPU
		{57E85EC4-5004-4D5C-99C1-70A52ACA576D}.Release|Any CPU.ActiveCfg = Release|Any CPU
		{57E85EC4-5004-4D5C-99C1-70A52ACA576D}.Release|Any CPU.Build.0 = Release|Any CPU
		{E057B46A-907D-4F3D-A723-D178C9758D37}.Debug|Any CPU.ActiveCfg = Debug|Any CPU
		{E057B46A-907D-4F3D-A723-D178C9758D37}.Debug|Any CPU.Build.0 = Debug|Any CPU
		{E057B46A-907D-4F3D-A723-D178C9758D37}.Release|Any CPU.ActiveCfg = Release|Any CPU
		{E057B46A-907D-4F3D-A723-D178C9758D37}.Release|Any CPU.Build.0 = Release|Any CPU
		{0C5BAE75-1BAD-4C38-BEB8-F8021A4E6B5E}.Debug|Any CPU.ActiveCfg = Debug|Any CPU
		{0C5BAE75-1BAD-4C38-BEB8-F8021A4E6B5E}.Debug|Any CPU.Build.0 = Debug|Any CPU
		{0C5BAE75-1BAD-4C38-BEB8-F8021A4E6B5E}.Release|Any CPU.ActiveCfg = Release|Any CPU
		{0C5BAE75-1BAD-4C38-BEB8-F8021A4E6B5E}.Release|Any CPU.Build.0 = Release|Any CPU
		{E4C7CD64-5D0A-48FA-A91A-165999AD95CB}.Debug|Any CPU.ActiveCfg = Debug|Any CPU
		{E4C7CD64-5D0A-48FA-A91A-165999AD95CB}.Debug|Any CPU.Build.0 = Debug|Any CPU
		{E4C7CD64-5D0A-48FA-A91A-165999AD95CB}.Release|Any CPU.ActiveCfg = Release|Any CPU
		{E4C7CD64-5D0A-48FA-A91A-165999AD95CB}.Release|Any CPU.Build.0 = Release|Any CPU
	EndGlobalSection
	GlobalSection(SolutionProperties) = preSolution
		HideSolutionNode = FALSE
	EndGlobalSection
	GlobalSection(NestedProjects) = preSolution
		{0C5BAE75-1BAD-4C38-BEB8-F8021A4E6B5E} = {52E4E701-3C90-4849-ADB3-D6D937595F3E}
		{E4C7CD64-5D0A-48FA-A91A-165999AD95CB} = {52E4E701-3C90-4849-ADB3-D6D937595F3E}
	EndGlobalSection
	GlobalSection(ExtensibilityGlobals) = postSolution
		SolutionGuid = {0371433D-9F59-4296-B415-2E5B2EFEEEBB}
	EndGlobalSection
EndGlobal
